// !$*UTF8*$!
{
	archiveVersion = 1;
	classes = {
	};
	objectVersion = 50;
	objects = {

/* Begin PBXBuildFile section */
		8A21153922B8F03900FDD25B /* AppDelegate.swift in Sources */ = {isa = PBXBuildFile; fileRef = 8A21153822B8F03900FDD25B /* AppDelegate.swift */; };
		8A21153B22B8F03900FDD25B /* ViewController.swift in Sources */ = {isa = PBXBuildFile; fileRef = 8A21153A22B8F03900FDD25B /* ViewController.swift */; };
		8A21153E22B8F03900FDD25B /* Main.storyboard in Resources */ = {isa = PBXBuildFile; fileRef = 8A21153C22B8F03900FDD25B /* Main.storyboard */; };
		8A21154022B8F03A00FDD25B /* Assets.xcassets in Resources */ = {isa = PBXBuildFile; fileRef = 8A21153F22B8F03A00FDD25B /* Assets.xcassets */; };
		8A21154322B8F03A00FDD25B /* LaunchScreen.storyboard in Resources */ = {isa = PBXBuildFile; fileRef = 8A21154122B8F03A00FDD25B /* LaunchScreen.storyboard */; };
		8A21155122B8FF2F00FDD25B /* TTNorms-Medium.otf in Resources */ = {isa = PBXBuildFile; fileRef = 8A21154F22B8FF2E00FDD25B /* TTNorms-Medium.otf */; };
		8A21155222B8FF2F00FDD25B /* TTNorms-Bold.otf in Resources */ = {isa = PBXBuildFile; fileRef = 8A21155022B8FF2E00FDD25B /* TTNorms-Bold.otf */; };
		8AE2FB0322BA3422009BB1F1 /* UIButton + Custom.swift in Sources */ = {isa = PBXBuildFile; fileRef = 8AE2FB0222BA3422009BB1F1 /* UIButton + Custom.swift */; };
		8AE2FB0522BA34C9009BB1F1 /* Constraints.swift in Sources */ = {isa = PBXBuildFile; fileRef = 8AE2FB0422BA34C9009BB1F1 /* Constraints.swift */; };
		8AE2FB0722BA352A009BB1F1 /* WebImageView.swift in Sources */ = {isa = PBXBuildFile; fileRef = 8AE2FB0622BA352A009BB1F1 /* WebImageView.swift */; };
		8AE2FB0922BA358A009BB1F1 /* NetworkManager.swift in Sources */ = {isa = PBXBuildFile; fileRef = 8AE2FB0822BA358A009BB1F1 /* NetworkManager.swift */; };
		8AE2FB0B22BA36F7009BB1F1 /* Model.swift in Sources */ = {isa = PBXBuildFile; fileRef = 8AE2FB0A22BA36F7009BB1F1 /* Model.swift */; };
		8AE2FB0D22BA455F009BB1F1 /* StoryboardInitializable.swift in Sources */ = {isa = PBXBuildFile; fileRef = 8AE2FB0C22BA455F009BB1F1 /* StoryboardInitializable.swift */; };
		8AE2FB0F22BA4579009BB1F1 /* InfoViewController.swift in Sources */ = {isa = PBXBuildFile; fileRef = 8AE2FB0E22BA4579009BB1F1 /* InfoViewController.swift */; };
/* End PBXBuildFile section */

/* Begin PBXFileReference section */
		8A21153522B8F03900FDD25B /* BoltAPI.app */ = {isa = PBXFileReference; explicitFileType = wrapper.application; includeInIndex = 0; path = BoltAPI.app; sourceTree = BUILT_PRODUCTS_DIR; };
		8A21153822B8F03900FDD25B /* AppDelegate.swift */ = {isa = PBXFileReference; lastKnownFileType = sourcecode.swift; path = AppDelegate.swift; sourceTree = "<group>"; };
		8A21153A22B8F03900FDD25B /* ViewController.swift */ = {isa = PBXFileReference; lastKnownFileType = sourcecode.swift; path = ViewController.swift; sourceTree = "<group>"; };
		8A21153D22B8F03900FDD25B /* Base */ = {isa = PBXFileReference; lastKnownFileType = file.storyboard; name = Base; path = Base.lproj/Main.storyboard; sourceTree = "<group>"; };
		8A21153F22B8F03A00FDD25B /* Assets.xcassets */ = {isa = PBXFileReference; lastKnownFileType = folder.assetcatalog; path = Assets.xcassets; sourceTree = "<group>"; };
		8A21154222B8F03A00FDD25B /* Base */ = {isa = PBXFileReference; lastKnownFileType = file.storyboard; name = Base; path = Base.lproj/LaunchScreen.storyboard; sourceTree = "<group>"; };
		8A21154422B8F03A00FDD25B /* Info.plist */ = {isa = PBXFileReference; lastKnownFileType = text.plist.xml; path = Info.plist; sourceTree = "<group>"; };
		8A21154F22B8FF2E00FDD25B /* TTNorms-Medium.otf */ = {isa = PBXFileReference; lastKnownFileType = file; path = "TTNorms-Medium.otf"; sourceTree = "<group>"; };
		8A21155022B8FF2E00FDD25B /* TTNorms-Bold.otf */ = {isa = PBXFileReference; lastKnownFileType = file; path = "TTNorms-Bold.otf"; sourceTree = "<group>"; };
		8AE2FB0222BA3422009BB1F1 /* UIButton + Custom.swift */ = {isa = PBXFileReference; lastKnownFileType = sourcecode.swift; path = "UIButton + Custom.swift"; sourceTree = "<group>"; };
		8AE2FB0422BA34C9009BB1F1 /* Constraints.swift */ = {isa = PBXFileReference; lastKnownFileType = sourcecode.swift; path = Constraints.swift; sourceTree = "<group>"; };
		8AE2FB0622BA352A009BB1F1 /* WebImageView.swift */ = {isa = PBXFileReference; lastKnownFileType = sourcecode.swift; path = WebImageView.swift; sourceTree = "<group>"; };
		8AE2FB0822BA358A009BB1F1 /* NetworkManager.swift */ = {isa = PBXFileReference; lastKnownFileType = sourcecode.swift; path = NetworkManager.swift; sourceTree = "<group>"; };
		8AE2FB0A22BA36F7009BB1F1 /* Model.swift */ = {isa = PBXFileReference; lastKnownFileType = sourcecode.swift; path = Model.swift; sourceTree = "<group>"; };
		8AE2FB0C22BA455F009BB1F1 /* StoryboardInitializable.swift */ = {isa = PBXFileReference; lastKnownFileType = sourcecode.swift; path = StoryboardInitializable.swift; sourceTree = "<group>"; };
		8AE2FB0E22BA4579009BB1F1 /* InfoViewController.swift */ = {isa = PBXFileReference; lastKnownFileType = sourcecode.swift; path = InfoViewController.swift; sourceTree = "<group>"; };
/* End PBXFileReference section */

/* Begin PBXFrameworksBuildPhase section */
		8A21153222B8F03900FDD25B /* Frameworks */ = {
			isa = PBXFrameworksBuildPhase;
			buildActionMask = 2147483647;
			files = (
			);
			runOnlyForDeploymentPostprocessing = 0;
		};
/* End PBXFrameworksBuildPhase section */

/* Begin PBXGroup section */
		8A21152C22B8F03900FDD25B = {
			isa = PBXGroup;
			children = (
				8A21153722B8F03900FDD25B /* BoltAPI */,
				8A21153622B8F03900FDD25B /* Products */,
			);
			sourceTree = "<group>";
		};
		8A21153622B8F03900FDD25B /* Products */ = {
			isa = PBXGroup;
			children = (
				8A21153522B8F03900FDD25B /* BoltAPI.app */,
			);
			name = Products;
			sourceTree = "<group>";
		};
		8A21153722B8F03900FDD25B /* BoltAPI */ = {
			isa = PBXGroup;
			children = (
				8A21153822B8F03900FDD25B /* AppDelegate.swift */,
				8A21153A22B8F03900FDD25B /* ViewController.swift */,
				8AE2FB0E22BA4579009BB1F1 /* InfoViewController.swift */,
				8A21153C22B8F03900FDD25B /* Main.storyboard */,
				8A21153F22B8F03A00FDD25B /* Assets.xcassets */,
				8A21154122B8F03A00FDD25B /* LaunchScreen.storyboard */,
				8A21154422B8F03A00FDD25B /* Info.plist */,
				8AE2FB0122BA33F9009BB1F1 /* Helpers */,
				8AE2FB0A22BA36F7009BB1F1 /* Model.swift */,
			);
			path = BoltAPI;
			sourceTree = "<group>";
		};
		8A21154E22B8FF1600FDD25B /* fonts */ = {
			isa = PBXGroup;
			children = (
				8A21155022B8FF2E00FDD25B /* TTNorms-Bold.otf */,
				8A21154F22B8FF2E00FDD25B /* TTNorms-Medium.otf */,
			);
			path = fonts;
			sourceTree = "<group>";
		};
		8AE2FB0122BA33F9009BB1F1 /* Helpers */ = {
			isa = PBXGroup;
			children = (
				8A21154E22B8FF1600FDD25B /* fonts */,
				8AE2FB0222BA3422009BB1F1 /* UIButton + Custom.swift */,
				8AE2FB0422BA34C9009BB1F1 /* Constraints.swift */,
				8AE2FB0622BA352A009BB1F1 /* WebImageView.swift */,
				8AE2FB0822BA358A009BB1F1 /* NetworkManager.swift */,
				8AE2FB0C22BA455F009BB1F1 /* StoryboardInitializable.swift */,
			);
			path = Helpers;
			sourceTree = "<group>";
		};
/* End PBXGroup section */

/* Begin PBXNativeTarget section */
		8A21153422B8F03900FDD25B /* BoltAPI */ = {
			isa = PBXNativeTarget;
			buildConfigurationList = 8A21154722B8F03A00FDD25B /* Build configuration list for PBXNativeTarget "BoltAPI" */;
			buildPhases = (
				8A21153122B8F03900FDD25B /* Sources */,
				8A21153222B8F03900FDD25B /* Frameworks */,
				8A21153322B8F03900FDD25B /* Resources */,
			);
			buildRules = (
			);
			dependencies = (
			);
			name = BoltAPI;
			productName = BoltAPI;
			productReference = 8A21153522B8F03900FDD25B /* BoltAPI.app */;
			productType = "com.apple.product-type.application";
		};
/* End PBXNativeTarget section */

/* Begin PBXProject section */
		8A21152D22B8F03900FDD25B /* Project object */ = {
			isa = PBXProject;
			attributes = {
				LastSwiftUpdateCheck = 1020;
				LastUpgradeCheck = 1020;
				ORGANIZATIONNAME = "Maxim Spiridonov";
				TargetAttributes = {
					8A21153422B8F03900FDD25B = {
						CreatedOnToolsVersion = 10.2.1;
					};
				};
			};
			buildConfigurationList = 8A21153022B8F03900FDD25B /* Build configuration list for PBXProject "BoltAPI" */;
			compatibilityVersion = "Xcode 9.3";
			developmentRegion = en;
			hasScannedForEncodings = 0;
			knownRegions = (
				en,
				Base,
			);
			mainGroup = 8A21152C22B8F03900FDD25B;
			productRefGroup = 8A21153622B8F03900FDD25B /* Products */;
			projectDirPath = "";
			projectRoot = "";
			targets = (
				8A21153422B8F03900FDD25B /* BoltAPI */,
			);
		};
/* End PBXProject section */

/* Begin PBXResourcesBuildPhase section */
		8A21153322B8F03900FDD25B /* Resources */ = {
			isa = PBXResourcesBuildPhase;
			buildActionMask = 2147483647;
			files = (
				8A21154322B8F03A00FDD25B /* LaunchScreen.storyboard in Resources */,
				8A21155222B8FF2F00FDD25B /* TTNorms-Bold.otf in Resources */,
				8A21154022B8F03A00FDD25B /* Assets.xcassets in Resources */,
				8A21155122B8FF2F00FDD25B /* TTNorms-Medium.otf in Resources */,
				8A21153E22B8F03900FDD25B /* Main.storyboard in Resources */,
			);
			runOnlyForDeploymentPostprocessing = 0;
		};
/* End PBXResourcesBuildPhase section */

/* Begin PBXSourcesBuildPhase section */
		8A21153122B8F03900FDD25B /* Sources */ = {
			isa = PBXSourcesBuildPhase;
			buildActionMask = 2147483647;
			files = (
				8AE2FB0B22BA36F7009BB1F1 /* Model.swift in Sources */,
				8A21153B22B8F03900FDD25B /* ViewController.swift in Sources */,
				8AE2FB0D22BA455F009BB1F1 /* StoryboardInitializable.swift in Sources */,
				8AE2FB0722BA352A009BB1F1 /* WebImageView.swift in Sources */,
				8AE2FB0F22BA4579009BB1F1 /* InfoViewController.swift in Sources */,
				8AE2FB0922BA358A009BB1F1 /* NetworkManager.swift in Sources */,
				8AE2FB0522BA34C9009BB1F1 /* Constraints.swift in Sources */,
				8AE2FB0322BA3422009BB1F1 /* UIButton + Custom.swift in Sources */,
				8A21153922B8F03900FDD25B /* AppDelegate.swift in Sources */,
			);
			runOnlyForDeploymentPostprocessing = 0;
		};
/* End PBXSourcesBuildPhase section */

/* Begin PBXVariantGroup section */
		8A21153C22B8F03900FDD25B /* Main.storyboard */ = {
			isa = PBXVariantGroup;
			children = (
				8A21153D22B8F03900FDD25B /* Base */,
			);
			name = Main.storyboard;
			sourceTree = "<group>";
		};
		8A21154122B8F03A00FDD25B /* LaunchScreen.storyboard */ = {
			isa = PBXVariantGroup;
			children = (
				8A21154222B8F03A00FDD25B /* Base */,
			);
			name = LaunchScreen.storyboard;
			sourceTree = "<group>";
		};
/* End PBXVariantGroup section */

/* Begin XCBuildConfiguration section */
		8A21154522B8F03A00FDD25B /* Debug */ = {
			isa = XCBuildConfiguration;
			buildSettings = {
				ALWAYS_SEARCH_USER_PATHS = NO;
				CLANG_ANALYZER_NONNULL = YES;
				CLANG_ANALYZER_NUMBER_OBJECT_CONVERSION = YES_AGGRESSIVE;
				CLANG_CXX_LANGUAGE_STANDARD = "gnu++14";
				CLANG_CXX_LIBRARY = "libc++";
				CLANG_ENABLE_MODULES = YES;
				CLANG_ENABLE_OBJC_ARC = YES;
				CLANG_ENABLE_OBJC_WEAK = YES;
				CLANG_WARN_BLOCK_CAPTURE_AUTORELEASING = YES;
				CLANG_WARN_BOOL_CONVERSION = YES;
				CLANG_WARN_COMMA = YES;
				CLANG_WARN_CONSTANT_CONVERSION = YES;
				CLANG_WARN_DEPRECATED_OBJC_IMPLEMENTATIONS = YES;
				CLANG_WARN_DIRECT_OBJC_ISA_USAGE = YES_ERROR;
				CLANG_WARN_DOCUMENTATION_COMMENTS = YES;
				CLANG_WARN_EMPTY_BODY = YES;
				CLANG_WARN_ENUM_CONVERSION = YES;
				CLANG_WARN_INFINITE_RECURSION = YES;
				CLANG_WARN_INT_CONVERSION = YES;
				CLANG_WARN_NON_LITERAL_NULL_CONVERSION = YES;
				CLANG_WARN_OBJC_IMPLICIT_RETAIN_SELF = YES;
				CLANG_WARN_OBJC_LITERAL_CONVERSION = YES;
				CLANG_WARN_OBJC_ROOT_CLASS = YES_ERROR;
				CLANG_WARN_RANGE_LOOP_ANALYSIS = YES;
				CLANG_WARN_STRICT_PROTOTYPES = YES;
				CLANG_WARN_SUSPICIOUS_MOVE = YES;
				CLANG_WARN_UNGUARDED_AVAILABILITY = YES_AGGRESSIVE;
				CLANG_WARN_UNREACHABLE_CODE = YES;
				CLANG_WARN__DUPLICATE_METHOD_MATCH = YES;
				CODE_SIGN_IDENTITY = "iPhone Developer";
				COPY_PHASE_STRIP = NO;
				DEBUG_INFORMATION_FORMAT = dwarf;
				ENABLE_STRICT_OBJC_MSGSEND = YES;
				ENABLE_TESTABILITY = YES;
				GCC_C_LANGUAGE_STANDARD = gnu11;
				GCC_DYNAMIC_NO_PIC = NO;
				GCC_NO_COMMON_BLOCKS = YES;
				GCC_OPTIMIZATION_LEVEL = 0;
				GCC_PREPROCESSOR_DEFINITIONS = (
					"DEBUG=1",
					"$(inherited)",
				);
				GCC_WARN_64_TO_32_BIT_CONVERSION = YES;
				GCC_WARN_ABOUT_RETURN_TYPE = YES_ERROR;
				GCC_WARN_UNDECLARED_SELECTOR = YES;
				GCC_WARN_UNINITIALIZED_AUTOS = YES_AGGRESSIVE;
				GCC_WARN_UNUSED_FUNCTION = YES;
				GCC_WARN_UNUSED_VARIABLE = YES;
				IPHONEOS_DEPLOYMENT_TARGET = 12.2;
				MTL_ENABLE_DEBUG_INFO = INCLUDE_SOURCE;
				MTL_FAST_MATH = YES;
				ONLY_ACTIVE_ARCH = YES;
				SDKROOT = iphoneos;
				SWIFT_ACTIVE_COMPILATION_CONDITIONS = DEBUG;
				SWIFT_OPTIMIZATION_LEVEL = "-Onone";
			};
			name = Debug;
		};
		8A21154622B8F03A00FDD25B /* Release */ = {
			isa = XCBuildConfiguration;
			buildSettings = {
				ALWAYS_SEARCH_USER_PATHS = NO;
				CLANG_ANALYZER_NONNULL = YES;
				CLANG_ANALYZER_NUMBER_OBJECT_CONVERSION = YES_AGGRESSIVE;
				CLANG_CXX_LANGUAGE_STANDARD = "gnu++14";
				CLANG_CXX_LIBRARY = "libc++";
				CLANG_ENABLE_MODULES = YES;
				CLANG_ENABLE_OBJC_ARC = YES;
				CLANG_ENABLE_OBJC_WEAK = YES;
				CLANG_WARN_BLOCK_CAPTURE_AUTORELEASING = YES;
				CLANG_WARN_BOOL_CONVERSION = YES;
				CLANG_WARN_COMMA = YES;
				CLANG_WARN_CONSTANT_CONVERSION = YES;
				CLANG_WARN_DEPRECATED_OBJC_IMPLEMENTATIONS = YES;
				CLANG_WARN_DIRECT_OBJC_ISA_USAGE = YES_ERROR;
				CLANG_WARN_DOCUMENTATION_COMMENTS = YES;
				CLANG_WARN_EMPTY_BODY = YES;
				CLANG_WARN_ENUM_CONVERSION = YES;
				CLANG_WARN_INFINITE_RECURSION = YES;
				CLANG_WARN_INT_CONVERSION = YES;
				CLANG_WARN_NON_LITERAL_NULL_CONVERSION = YES;
				CLANG_WARN_OBJC_IMPLICIT_RETAIN_SELF = YES;
				CLANG_WARN_OBJC_LITERAL_CONVERSION = YES;
				CLANG_WARN_OBJC_ROOT_CLASS = YES_ERROR;
				CLANG_WARN_RANGE_LOOP_ANALYSIS = YES;
				CLANG_WARN_STRICT_PROTOTYPES = YES;
				CLANG_WARN_SUSPICIOUS_MOVE = YES;
				CLANG_WARN_UNGUARDED_AVAILABILITY = YES_AGGRESSIVE;
				CLANG_WARN_UNREACHABLE_CODE = YES;
				CLANG_WARN__DUPLICATE_METHOD_MATCH = YES;
				CODE_SIGN_IDENTITY = "iPhone Developer";
				COPY_PHASE_STRIP = NO;
				DEBUG_INFORMATION_FORMAT = "dwarf-with-dsym";
				ENABLE_NS_ASSERTIONS = NO;
				ENABLE_STRICT_OBJC_MSGSEND = YES;
				GCC_C_LANGUAGE_STANDARD = gnu11;
				GCC_NO_COMMON_BLOCKS = YES;
				GCC_WARN_64_TO_32_BIT_CONVERSION = YES;
				GCC_WARN_ABOUT_RETURN_TYPE = YES_ERROR;
				GCC_WARN_UNDECLARED_SELECTOR = YES;
				GCC_WARN_UNINITIALIZED_AUTOS = YES_AGGRESSIVE;
				GCC_WARN_UNUSED_FUNCTION = YES;
				GCC_WARN_UNUSED_VARIABLE = YES;
				IPHONEOS_DEPLOYMENT_TARGET = 12.2;
				MTL_ENABLE_DEBUG_INFO = NO;
				MTL_FAST_MATH = YES;
				SDKROOT = iphoneos;
				SWIFT_COMPILATION_MODE = wholemodule;
				SWIFT_OPTIMIZATION_LEVEL = "-O";
				VALIDATE_PRODUCT = YES;
			};
			name = Release;
		};
		8A21154822B8F03A00FDD25B /* Debug */ = {
			isa = XCBuildConfiguration;
			buildSettings = {
				ASSETCATALOG_COMPILER_APPICON_NAME = AppIcon;
				CODE_SIGN_STYLE = Automatic;
				DEVELOPMENT_TEAM = 4226M9N553;
				INFOPLIST_FILE = BoltAPI/Info.plist;
				LD_RUNPATH_SEARCH_PATHS = (
					"$(inherited)",
					"@executable_path/Frameworks",
				);
				PRODUCT_BUNDLE_IDENTIFIER = com.taijased.BON;
				PRODUCT_NAME = "$(TARGET_NAME)";
				SWIFT_VERSION = 5.0;
				TARGETED_DEVICE_FAMILY = "1,2";
			};
			name = Debug;
		};
		8A21154922B8F03A00FDD25B /* Release */ = {
			isa = XCBuildConfiguration;
			buildSettings = {
				ASSETCATALOG_COMPILER_APPICON_NAME = AppIcon;
				CODE_SIGN_STYLE = Automatic;
				DEVELOPMENT_TEAM = 4226M9N553;
				INFOPLIST_FILE = BoltAPI/Info.plist;
				LD_RUNPATH_SEARCH_PATHS = (
					"$(inherited)",
					"@executable_path/Frameworks",
				);
				PRODUCT_BUNDLE_IDENTIFIER = com.taijased.BON;
				PRODUCT_NAME = "$(TARGET_NAME)";
				SWIFT_VERSION = 5.0;
				TARGETED_DEVICE_FAMILY = "1,2";
			};
			name = Release;
		};
/* End XCBuildConfiguration section */

/* Begin XCConfigurationList section */
		8A21153022B8F03900FDD25B /* Build configuration list for PBXProject "BoltAPI" */ = {
			isa = XCConfigurationList;
			buildConfigurations = (
				8A21154522B8F03A00FDD25B /* Debug */,
				8A21154622B8F03A00FDD25B /* Release */,
			);
			defaultConfigurationIsVisible = 0;
			defaultConfigurationName = Release;
		};
		8A21154722B8F03A00FDD25B /* Build configuration list for PBXNativeTarget "BoltAPI" */ = {
			isa = XCConfigurationList;
			buildConfigurations = (
				8A21154822B8F03A00FDD25B /* Debug */,
				8A21154922B8F03A00FDD25B /* Release */,
			);
			defaultConfigurationIsVisible = 0;
			defaultConfigurationName = Release;
		};
/* End XCConfigurationList section */
	};
	rootObject = 8A21152D22B8F03900FDD25B /* Project object */;
}
